// !$*UTF8*$!
{
	archiveVersion = 1;
	classes = {
	};
	objectVersion = 56;
	objects = {

/* Begin PBXBuildFile section */
		20779C102B9D780100E16F01 /* geodb.cpp in Sources */ = {isa = PBXBuildFile; fileRef = 20779C0E2B9D780100E16F01 /* geodb.cpp */; };
		20B6727B2BA020210012A152 /* router.cpp in Sources */ = {isa = PBXBuildFile; fileRef = 20B672792BA020210012A152 /* router.cpp */; };
		20FDCB802B9BDB050087B36F /* main.cpp in Sources */ = {isa = PBXBuildFile; fileRef = 20FDCB7F2B9BDB050087B36F /* main.cpp */; };
/* End PBXBuildFile section */

/* Begin PBXCopyFilesBuildPhase section */
		20FDCB7A2B9BDB050087B36F /* CopyFiles */ = {
			isa = PBXCopyFilesBuildPhase;
			buildActionMask = 2147483647;
			dstPath = /usr/share/man/man1/;
			dstSubfolderSpec = 0;
			files = (
			);
			runOnlyForDeploymentPostprocessing = 1;
		};
/* End PBXCopyFilesBuildPhase section */

/* Begin PBXFileReference section */
		20779C0E2B9D780100E16F01 /* geodb.cpp */ = {isa = PBXFileReference; lastKnownFileType = sourcecode.cpp.cpp; path = geodb.cpp; sourceTree = "<group>"; };
		20779C0F2B9D780100E16F01 /* geodb.h */ = {isa = PBXFileReference; lastKnownFileType = sourcecode.c.h; path = geodb.h; sourceTree = "<group>"; };
		20779C112B9D8ADD00E16F01 /* mapdata.txt */ = {isa = PBXFileReference; lastKnownFileType = text; path = mapdata.txt; sourceTree = "<group>"; };
		20B672792BA020210012A152 /* router.cpp */ = {isa = PBXFileReference; lastKnownFileType = sourcecode.cpp.cpp; path = router.cpp; sourceTree = "<group>"; };
		20B6727A2BA020210012A152 /* router.h */ = {isa = PBXFileReference; lastKnownFileType = sourcecode.c.h; path = router.h; sourceTree = "<group>"; };
		20FDCB7C2B9BDB050087B36F /* navigationprj4 */ = {isa = PBXFileReference; explicitFileType = "compiled.mach-o.executable"; includeInIndex = 0; path = navigationprj4; sourceTree = BUILT_PRODUCTS_DIR; };
		20FDCB7F2B9BDB050087B36F /* main.cpp */ = {isa = PBXFileReference; lastKnownFileType = sourcecode.cpp.cpp; path = main.cpp; sourceTree = "<group>"; };
		20FDCB862B9BDB3A0087B36F /* HashMap.h */ = {isa = PBXFileReference; lastKnownFileType = sourcecode.c.h; path = HashMap.h; sourceTree = "<group>"; };
		20FDCB872B9BECE70087B36F /* base_classes.h */ = {isa = PBXFileReference; lastKnownFileType = sourcecode.c.h; path = base_classes.h; sourceTree = "<group>"; };
		20FDCB882B9BECF30087B36F /* geopoint.h */ = {isa = PBXFileReference; lastKnownFileType = sourcecode.c.h; path = geopoint.h; sourceTree = "<group>"; };
		20FDCB892B9BED190087B36F /* geotools.h */ = {isa = PBXFileReference; lastKnownFileType = sourcecode.c.h; path = geotools.h; sourceTree = "<group>"; };
		20FDCB8A2B9BED260087B36F /* stops.h */ = {isa = PBXFileReference; lastKnownFileType = sourcecode.c.h; path = stops.h; sourceTree = "<group>"; };
		20FDCB8B2B9BED3D0087B36F /* tourcmd.h */ = {isa = PBXFileReference; lastKnownFileType = sourcecode.c.h; path = tourcmd.h; sourceTree = "<group>"; };
/* End PBXFileReference section */

/* Begin PBXFrameworksBuildPhase section */
		20FDCB792B9BDB050087B36F /* Frameworks */ = {
			isa = PBXFrameworksBuildPhase;
			buildActionMask = 2147483647;
			files = (
			);
			runOnlyForDeploymentPostprocessing = 0;
		};
/* End PBXFrameworksBuildPhase section */

/* Begin PBXGroup section */
		20FDCB732B9BDB050087B36F = {
			isa = PBXGroup;
			children = (
				20FDCB7E2B9BDB050087B36F /* navigationprj4 */,
				20FDCB7D2B9BDB050087B36F /* Products */,
			);
			sourceTree = "<group>";
		};
		20FDCB7D2B9BDB050087B36F /* Products */ = {
			isa = PBXGroup;
			children = (
				20FDCB7C2B9BDB050087B36F /* navigationprj4 */,
			);
			name = Products;
			sourceTree = "<group>";
		};
		20FDCB7E2B9BDB050087B36F /* navigationprj4 */ = {
			isa = PBXGroup;
			children = (
				20779C0F2B9D780100E16F01 /* geodb.h */,
				20B6727A2BA020210012A152 /* router.h */,
				20B672792BA020210012A152 /* router.cpp */,
				20779C0E2B9D780100E16F01 /* geodb.cpp */,
				20779C112B9D8ADD00E16F01 /* mapdata.txt */,
				20FDCB8B2B9BED3D0087B36F /* tourcmd.h */,
				20FDCB8A2B9BED260087B36F /* stops.h */,
				20FDCB892B9BED190087B36F /* geotools.h */,
				20FDCB882B9BECF30087B36F /* geopoint.h */,
				20FDCB872B9BECE70087B36F /* base_classes.h */,
				20FDCB862B9BDB3A0087B36F /* HashMap.h */,
				20FDCB7F2B9BDB050087B36F /* main.cpp */,
			);
			path = navigationprj4;
			sourceTree = "<group>";
		};
/* End PBXGroup section */

/* Begin PBXNativeTarget section */
		20FDCB7B2B9BDB050087B36F /* navigationprj4 */ = {
			isa = PBXNativeTarget;
			buildConfigurationList = 20FDCB832B9BDB050087B36F /* Build configuration list for PBXNativeTarget "navigationprj4" */;
			buildPhases = (
				20FDCB782B9BDB050087B36F /* Sources */,
				20FDCB792B9BDB050087B36F /* Frameworks */,
				20FDCB7A2B9BDB050087B36F /* CopyFiles */,
			);
			buildRules = (
			);
			dependencies = (
			);
			name = navigationprj4;
			productName = navigationprj4;
			productReference = 20FDCB7C2B9BDB050087B36F /* navigationprj4 */;
			productType = "com.apple.product-type.tool";
		};
/* End PBXNativeTarget section */

/* Begin PBXProject section */
		20FDCB742B9BDB050087B36F /* Project object */ = {
			isa = PBXProject;
			attributes = {
				BuildIndependentTargetsInParallel = 1;
				LastUpgradeCheck = 1500;
				TargetAttributes = {
					20FDCB7B2B9BDB050087B36F = {
						CreatedOnToolsVersion = 15.0.1;
					};
				};
			};
			buildConfigurationList = 20FDCB772B9BDB050087B36F /* Build configuration list for PBXProject "navigationprj4" */;
			compatibilityVersion = "Xcode 14.0";
			developmentRegion = en;
			hasScannedForEncodings = 0;
			knownRegions = (
				en,
				Base,
			);
			mainGroup = 20FDCB732B9BDB050087B36F;
			productRefGroup = 20FDCB7D2B9BDB050087B36F /* Products */;
			projectDirPath = "";
			projectRoot = "";
			targets = (
				20FDCB7B2B9BDB050087B36F /* navigationprj4 */,
			);
		};
/* End PBXProject section */

/* Begin PBXSourcesBuildPhase section */
		20FDCB782B9BDB050087B36F /* Sources */ = {
			isa = PBXSourcesBuildPhase;
			buildActionMask = 2147483647;
			files = (
				20FDCB802B9BDB050087B36F /* main.cpp in Sources */,
				20B6727B2BA020210012A152 /* router.cpp in Sources */,
				20779C102B9D780100E16F01 /* geodb.cpp in Sources */,
			);
			runOnlyForDeploymentPostprocessing = 0;
		};
/* End PBXSourcesBuildPhase section */

/* Begin XCBuildConfiguration section */
		20FDCB812B9BDB050087B36F /* Debug */ = {
			isa = XCBuildConfiguration;
			buildSettings = {
				ALWAYS_SEARCH_USER_PATHS = NO;
				ASSETCATALOG_COMPILER_GENERATE_SWIFT_ASSET_SYMBOL_EXTENSIONS = YES;
				CLANG_ANALYZER_NONNULL = YES;
				CLANG_ANALYZER_NUMBER_OBJECT_CONVERSION = YES_AGGRESSIVE;
				CLANG_CXX_LANGUAGE_STANDARD = "gnu++20";
				CLANG_ENABLE_MODULES = YES;
				CLANG_ENABLE_OBJC_ARC = YES;
				CLANG_ENABLE_OBJC_WEAK = YES;
				CLANG_WARN_BLOCK_CAPTURE_AUTORELEASING = YES;
				CLANG_WARN_BOOL_CONVERSION = YES;
				CLANG_WARN_COMMA = YES;
				CLANG_WARN_CONSTANT_CONVERSION = YES;
				CLANG_WARN_DEPRECATED_OBJC_IMPLEMENTATIONS = YES;
				CLANG_WARN_DIRECT_OBJC_ISA_USAGE = YES_ERROR;
				CLANG_WARN_DOCUMENTATION_COMMENTS = YES;
				CLANG_WARN_EMPTY_BODY = YES;
				CLANG_WARN_ENUM_CONVERSION = YES;
				CLANG_WARN_INFINITE_RECURSION = YES;
				CLANG_WARN_INT_CONVERSION = YES;
				CLANG_WARN_NON_LITERAL_NULL_CONVERSION = YES;
				CLANG_WARN_OBJC_IMPLICIT_RETAIN_SELF = YES;
				CLANG_WARN_OBJC_LITERAL_CONVERSION = YES;
				CLANG_WARN_OBJC_ROOT_CLASS = YES_ERROR;
				CLANG_WARN_QUOTED_INCLUDE_IN_FRAMEWORK_HEADER = YES;
				CLANG_WARN_RANGE_LOOP_ANALYSIS = YES;
				CLANG_WARN_STRICT_PROTOTYPES = YES;
				CLANG_WARN_SUSPICIOUS_MOVE = YES;
				CLANG_WARN_UNGUARDED_AVAILABILITY = YES_AGGRESSIVE;
				CLANG_WARN_UNREACHABLE_CODE = YES;
				CLANG_WARN__DUPLICATE_METHOD_MATCH = YES;
				COPY_PHASE_STRIP = NO;
				DEBUG_INFORMATION_FORMAT = dwarf;
				ENABLE_STRICT_OBJC_MSGSEND = YES;
				ENABLE_TESTABILITY = YES;
				ENABLE_USER_SCRIPT_SANDBOXING = YES;
				GCC_C_LANGUAGE_STANDARD = gnu17;
				GCC_DYNAMIC_NO_PIC = NO;
				GCC_NO_COMMON_BLOCKS = YES;
				GCC_OPTIMIZATION_LEVEL = 0;
				GCC_PREPROCESSOR_DEFINITIONS = (
					"DEBUG=1",
					"$(inherited)",
				);
				GCC_WARN_64_TO_32_BIT_CONVERSION = YES;
				GCC_WARN_ABOUT_RETURN_TYPE = YES_ERROR;
				GCC_WARN_UNDECLARED_SELECTOR = YES;
				GCC_WARN_UNINITIALIZED_AUTOS = YES_AGGRESSIVE;
				GCC_WARN_UNUSED_FUNCTION = YES;
				GCC_WARN_UNUSED_VARIABLE = YES;
				LOCALIZATION_PREFERS_STRING_CATALOGS = YES;
				MACOSX_DEPLOYMENT_TARGET = 14.0;
				MTL_ENABLE_DEBUG_INFO = INCLUDE_SOURCE;
				MTL_FAST_MATH = YES;
				ONLY_ACTIVE_ARCH = YES;
				SDKROOT = macosx;
			};
			name = Debug;
		};
		20FDCB822B9BDB050087B36F /* Release */ = {
			isa = XCBuildConfiguration;
			buildSettings = {
				ALWAYS_SEARCH_USER_PATHS = NO;
				ASSETCATALOG_COMPILER_GENERATE_SWIFT_ASSET_SYMBOL_EXTENSIONS = YES;
				CLANG_ANALYZER_NONNULL = YES;
				CLANG_ANALYZER_NUMBER_OBJECT_CONVERSION = YES_AGGRESSIVE;
				CLANG_CXX_LANGUAGE_STANDARD = "gnu++20";
				CLANG_ENABLE_MODULES = YES;
				CLANG_ENABLE_OBJC_ARC = YES;
				CLANG_ENABLE_OBJC_WEAK = YES;
				CLANG_WARN_BLOCK_CAPTURE_AUTORELEASING = YES;
				CLANG_WARN_BOOL_CONVERSION = YES;
				CLANG_WARN_COMMA = YES;
				CLANG_WARN_CONSTANT_CONVERSION = YES;
				CLANG_WARN_DEPRECATED_OBJC_IMPLEMENTATIONS = YES;
				CLANG_WARN_DIRECT_OBJC_ISA_USAGE = YES_ERROR;
				CLANG_WARN_DOCUMENTATION_COMMENTS = YES;
				CLANG_WARN_EMPTY_BODY = YES;
				CLANG_WARN_ENUM_CONVERSION = YES;
				CLANG_WARN_INFINITE_RECURSION = YES;
				CLANG_WARN_INT_CONVERSION = YES;
				CLANG_WARN_NON_LITERAL_NULL_CONVERSION = YES;
				CLANG_WARN_OBJC_IMPLICIT_RETAIN_SELF = YES;
				CLANG_WARN_OBJC_LITERAL_CONVERSION = YES;
				CLANG_WARN_OBJC_ROOT_CLASS = YES_ERROR;
				CLANG_WARN_QUOTED_INCLUDE_IN_FRAMEWORK_HEADER = YES;
				CLANG_WARN_RANGE_LOOP_ANALYSIS = YES;
				CLANG_WARN_STRICT_PROTOTYPES = YES;
				CLANG_WARN_SUSPICIOUS_MOVE = YES;
				CLANG_WARN_UNGUARDED_AVAILABILITY = YES_AGGRESSIVE;
				CLANG_WARN_UNREACHABLE_CODE = YES;
				CLANG_WARN__DUPLICATE_METHOD_MATCH = YES;
				COPY_PHASE_STRIP = NO;
				DEBUG_INFORMATION_FORMAT = "dwarf-with-dsym";
				ENABLE_NS_ASSERTIONS = NO;
				ENABLE_STRICT_OBJC_MSGSEND = YES;
				ENABLE_USER_SCRIPT_SANDBOXING = YES;
				GCC_C_LANGUAGE_STANDARD = gnu17;
				GCC_NO_COMMON_BLOCKS = YES;
				GCC_WARN_64_TO_32_BIT_CONVERSION = YES;
				GCC_WARN_ABOUT_RETURN_TYPE = YES_ERROR;
				GCC_WARN_UNDECLARED_SELECTOR = YES;
				GCC_WARN_UNINITIALIZED_AUTOS = YES_AGGRESSIVE;
				GCC_WARN_UNUSED_FUNCTION = YES;
				GCC_WARN_UNUSED_VARIABLE = YES;
				LOCALIZATION_PREFERS_STRING_CATALOGS = YES;
				MACOSX_DEPLOYMENT_TARGET = 14.0;
				MTL_ENABLE_DEBUG_INFO = NO;
				MTL_FAST_MATH = YES;
				SDKROOT = macosx;
			};
			name = Release;
		};
		20FDCB842B9BDB050087B36F /* Debug */ = {
			isa = XCBuildConfiguration;
			buildSettings = {
				CODE_SIGN_STYLE = Automatic;
				PRODUCT_NAME = "$(TARGET_NAME)";
			};
			name = Debug;
		};
		20FDCB852B9BDB050087B36F /* Release */ = {
			isa = XCBuildConfiguration;
			buildSettings = {
				CODE_SIGN_STYLE = Automatic;
				PRODUCT_NAME = "$(TARGET_NAME)";
			};
			name = Release;
		};
/* End XCBuildConfiguration section */

/* Begin XCConfigurationList section */
		20FDCB772B9BDB050087B36F /* Build configuration list for PBXProject "navigationprj4" */ = {
			isa = XCConfigurationList;
			buildConfigurations = (
				20FDCB812B9BDB050087B36F /* Debug */,
				20FDCB822B9BDB050087B36F /* Release */,
			);
			defaultConfigurationIsVisible = 0;
			defaultConfigurationName = Release;
		};
		20FDCB832B9BDB050087B36F /* Build configuration list for PBXNativeTarget "navigationprj4" */ = {
			isa = XCConfigurationList;
			buildConfigurations = (
				20FDCB842B9BDB050087B36F /* Debug */,
				20FDCB852B9BDB050087B36F /* Release */,
			);
			defaultConfigurationIsVisible = 0;
			defaultConfigurationName = Release;
		};
/* End XCConfigurationList section */
	};
	rootObject = 20FDCB742B9BDB050087B36F /* Project object */;
}
